
Microsoft Visual Studio Solution File, Format Version 11.00
# Visual Studio 2010
Project("{FAE04EC0-301F-11D3-BF4B-00C04F79EFBC}") = "FinancialPowerDemo", "FinancialPowerDemo\FinancialPowerDemo.csproj", "{4DBA97C7-FFE3-4A7F-BE42-D372322E5ACF}"
EndProject
Project("{FAE04EC0-301F-11D3-BF4B-00C04F79EFBC}") = "FinancialPowerDemo.Tests", "FinancialPowerDemo.Tests\FinancialPowerDemo.Tests.csproj", "{CAAEE648-C3C1-4C06-B356-8C6A24952234}"
EndProject
Project("{FAE04EC0-301F-11D3-BF4B-00C04F79EFBC}") = "FinancialPowerDemo.Core", "FinancialPowerDemo.Core\FinancialPowerDemo.Core.csproj", "{BDEDC851-BD94-43EB-BD14-E4E4C69E99F9}"
EndProject
Project("{FAE04EC0-301F-11D3-BF4B-00C04F79EFBC}") = "FinancialPowerDemo.Abstractions", "FinancialPowerDemo.Abstractions\FinancialPowerDemo.Abstractions.csproj", "{6B5DF9BC-523A-483F-9E7B-DC08D4973CE4}"
EndProject
Project("{FAE04EC0-301F-11D3-BF4B-00C04F79EFBC}") = "FinancialPowerDemo.Configuration", "FinancialPowerDemo.Configuration\FinancialPowerDemo.Configuration.csproj", "{980BBB58-1B4F-4379-8BC1-A8106D77612E}"
EndProject
Project("{FAE04EC0-301F-11D3-BF4B-00C04F79EFBC}") = "FinancialPowerDemo.Web", "FinancialPowerDemo.Web\FinancialPowerDemo.Web.csproj", "{6C4EC87A-A5AE-4D91-A6F8-6EA314409E58}"
EndProject
Global
	GlobalSection(SolutionConfigurationPlatforms) = preSolution
		Debug|Any CPU = Debug|Any CPU
		Release|Any CPU = Release|Any CPU
	EndGlobalSection
	GlobalSection(ProjectConfigurationPlatforms) = postSolution
		{4DBA97C7-FFE3-4A7F-BE42-D372322E5ACF}.Debug|Any CPU.ActiveCfg = Debug|Any CPU
		{4DBA97C7-FFE3-4A7F-BE42-D372322E5ACF}.Debug|Any CPU.Build.0 = Debug|Any CPU
		{4DBA97C7-FFE3-4A7F-BE42-D372322E5ACF}.Release|Any CPU.ActiveCfg = Release|Any CPU
		{4DBA97C7-FFE3-4A7F-BE42-D372322E5ACF}.Release|Any CPU.Build.0 = Release|Any CPU
		{CAAEE648-C3C1-4C06-B356-8C6A24952234}.Debug|Any CPU.ActiveCfg = Debug|Any CPU
		{CAAEE648-C3C1-4C06-B356-8C6A24952234}.Debug|Any CPU.Build.0 = Debug|Any CPU
		{CAAEE648-C3C1-4C06-B356-8C6A24952234}.Release|Any CPU.ActiveCfg = Release|Any CPU
		{CAAEE648-C3C1-4C06-B356-8C6A24952234}.Release|Any CPU.Build.0 = Release|Any CPU
		{BDEDC851-BD94-43EB-BD14-E4E4C69E99F9}.Debug|Any CPU.ActiveCfg = Debug|Any CPU
		{BDEDC851-BD94-43EB-BD14-E4E4C69E99F9}.Debug|Any CPU.Build.0 = Debug|Any CPU
		{BDEDC851-BD94-43EB-BD14-E4E4C69E99F9}.Release|Any CPU.ActiveCfg = Release|Any CPU
		{BDEDC851-BD94-43EB-BD14-E4E4C69E99F9}.Release|Any CPU.Build.0 = Release|Any CPU
		{6B5DF9BC-523A-483F-9E7B-DC08D4973CE4}.Debug|Any CPU.ActiveCfg = Debug|Any CPU
		{6B5DF9BC-523A-483F-9E7B-DC08D4973CE4}.Debug|Any CPU.Build.0 = Debug|Any CPU
		{6B5DF9BC-523A-483F-9E7B-DC08D4973CE4}.Release|Any CPU.ActiveCfg = Release|Any CPU
		{6B5DF9BC-523A-483F-9E7B-DC08D4973CE4}.Release|Any CPU.Build.0 = Release|Any CPU
		{980BBB58-1B4F-4379-8BC1-A8106D77612E}.Debug|Any CPU.ActiveCfg = Debug|Any CPU
		{980BBB58-1B4F-4379-8BC1-A8106D77612E}.Debug|Any CPU.Build.0 = Debug|Any CPU
		{980BBB58-1B4F-4379-8BC1-A8106D77612E}.Release|Any CPU.ActiveCfg = Release|Any CPU
		{980BBB58-1B4F-4379-8BC1-A8106D77612E}.Release|Any CPU.Build.0 = Release|Any CPU
		{6C4EC87A-A5AE-4D91-A6F8-6EA314409E58}.Debug|Any CPU.ActiveCfg = Debug|Any CPU
		{6C4EC87A-A5AE-4D91-A6F8-6EA314409E58}.Debug|Any CPU.Build.0 = Debug|Any CPU
		{6C4EC87A-A5AE-4D91-A6F8-6EA314409E58}.Release|Any CPU.ActiveCfg = Release|Any CPU
		{6C4EC87A-A5AE-4D91-A6F8-6EA314409E58}.Release|Any CPU.Build.0 = Release|Any CPU
	EndGlobalSection
	GlobalSection(SolutionProperties) = preSolution
		HideSolutionNode = FALSE
	EndGlobalSection
EndGlobal
